// !$*UTF8*$!
{
	archiveVersion = 1;
	classes = {
	};
	objectVersion = 46;
	objects = {

/* Begin PBXBuildFile section */
		AACCC02A1A8A505200FDEDA0 /* main.m in Sources */ = {isa = PBXBuildFile; fileRef = AACCC0291A8A505200FDEDA0 /* main.m */; };
		AACCC02D1A8A505200FDEDA0 /* AppDelegate.m in Sources */ = {isa = PBXBuildFile; fileRef = AACCC02C1A8A505200FDEDA0 /* AppDelegate.m */; };
		AACCC0301A8A505200FDEDA0 /* ViewController.m in Sources */ = {isa = PBXBuildFile; fileRef = AACCC02F1A8A505200FDEDA0 /* ViewController.m */; };
		AACCC0331A8A505200FDEDA0 /* Main.storyboard in Resources */ = {isa = PBXBuildFile; fileRef = AACCC0311A8A505200FDEDA0 /* Main.storyboard */; };
		AACCC0351A8A505200FDEDA0 /* Images.xcassets in Resources */ = {isa = PBXBuildFile; fileRef = AACCC0341A8A505200FDEDA0 /* Images.xcassets */; };
		AACCC0381A8A505200FDEDA0 /* LaunchScreen.xib in Resources */ = {isa = PBXBuildFile; fileRef = AACCC0361A8A505200FDEDA0 /* LaunchScreen.xib */; };
		AACCC0441A8A505200FDEDA0 /* MatchismoTests.m in Sources */ = {isa = PBXBuildFile; fileRef = AACCC0431A8A505200FDEDA0 /* MatchismoTests.m */; };
/* End PBXBuildFile section */

/* Begin PBXContainerItemProxy section */
		AACCC03E1A8A505200FDEDA0 /* PBXContainerItemProxy */ = {
			isa = PBXContainerItemProxy;
			containerPortal = AACCC01C1A8A505100FDEDA0 /* Project object */;
			proxyType = 1;
			remoteGlobalIDString = AACCC0231A8A505100FDEDA0;
			remoteInfo = Matchismo;
		};
/* End PBXContainerItemProxy section */

/* Begin PBXFileReference section */
		AACCC0241A8A505100FDEDA0 /* Matchismo.app */ = {isa = PBXFileReference; explicitFileType = wrapper.application; includeInIndex = 0; path = Matchismo.app; sourceTree = BUILT_PRODUCTS_DIR; };
		AACCC0281A8A505200FDEDA0 /* Info.plist */ = {isa = PBXFileReference; lastKnownFileType = text.plist.xml; path = Info.plist; sourceTree = "<group>"; };
		AACCC0291A8A505200FDEDA0 /* main.m */ = {isa = PBXFileReference; lastKnownFileType = sourcecode.c.objc; path = main.m; sourceTree = "<group>"; };
		AACCC02B1A8A505200FDEDA0 /* AppDelegate.h */ = {isa = PBXFileReference; lastKnownFileType = sourcecode.c.h; path = AppDelegate.h; sourceTree = "<group>"; };
		AACCC02C1A8A505200FDEDA0 /* AppDelegate.m */ = {isa = PBXFileReference; lastKnownFileType = sourcecode.c.objc; path = AppDelegate.m; sourceTree = "<group>"; };
		AACCC02E1A8A505200FDEDA0 /* ViewController.h */ = {isa = PBXFileReference; lastKnownFileType = sourcecode.c.h; path = ViewController.h; sourceTree = "<group>"; };
		AACCC02F1A8A505200FDEDA0 /* ViewController.m */ = {isa = PBXFileReference; lastKnownFileType = sourcecode.c.objc; path = ViewController.m; sourceTree = "<group>"; };
		AACCC0321A8A505200FDEDA0 /* Base */ = {isa = PBXFileReference; lastKnownFileType = file.storyboard; name = Base; path = Base.lproj/Main.storyboard; sourceTree = "<group>"; };
		AACCC0341A8A505200FDEDA0 /* Images.xcassets */ = {isa = PBXFileReference; lastKnownFileType = folder.assetcatalog; path = Images.xcassets; sourceTree = "<group>"; };
		AACCC0371A8A505200FDEDA0 /* Base */ = {isa = PBXFileReference; lastKnownFileType = file.xib; name = Base; path = Base.lproj/LaunchScreen.xib; sourceTree = "<group>"; };
		AACCC03D1A8A505200FDEDA0 /* MatchismoTests.xctest */ = {isa = PBXFileReference; explicitFileType = wrapper.cfbundle; includeInIndex = 0; path = MatchismoTests.xctest; sourceTree = BUILT_PRODUCTS_DIR; };
		AACCC0421A8A505200FDEDA0 /* Info.plist */ = {isa = PBXFileReference; lastKnownFileType = text.plist.xml; path = Info.plist; sourceTree = "<group>"; };
		AACCC0431A8A505200FDEDA0 /* MatchismoTests.m */ = {isa = PBXFileReference; lastKnownFileType = sourcecode.c.objc; path = MatchismoTests.m; sourceTree = "<group>"; };
/* End PBXFileReference section */

/* Begin PBXFrameworksBuildPhase section */
		AACCC0211A8A505100FDEDA0 /* Frameworks */ = {
			isa = PBXFrameworksBuildPhase;
			buildActionMask = 2147483647;
			files = (
			);
			runOnlyForDeploymentPostprocessing = 0;
		};
		AACCC03A1A8A505200FDEDA0 /* Frameworks */ = {
			isa = PBXFrameworksBuildPhase;
			buildActionMask = 2147483647;
			files = (
			);
			runOnlyForDeploymentPostprocessing = 0;
		};
/* End PBXFrameworksBuildPhase section */

/* Begin PBXGroup section */
		AACCC01B1A8A505100FDEDA0 = {
			isa = PBXGroup;
			children = (
				AACCC0261A8A505100FDEDA0 /* Matchismo */,
				AACCC0401A8A505200FDEDA0 /* MatchismoTests */,
				AACCC0251A8A505100FDEDA0 /* Products */,
			);
			sourceTree = "<group>";
		};
		AACCC0251A8A505100FDEDA0 /* Products */ = {
			isa = PBXGroup;
			children = (
				AACCC0241A8A505100FDEDA0 /* Matchismo.app */,
				AACCC03D1A8A505200FDEDA0 /* MatchismoTests.xctest */,
			);
			name = Products;
			sourceTree = "<group>";
		};
		AACCC0261A8A505100FDEDA0 /* Matchismo */ = {
			isa = PBXGroup;
			children = (
				AACCC02B1A8A505200FDEDA0 /* AppDelegate.h */,
				AACCC02C1A8A505200FDEDA0 /* AppDelegate.m */,
				AACCC02E1A8A505200FDEDA0 /* ViewController.h */,
				AACCC02F1A8A505200FDEDA0 /* ViewController.m */,
				AACCC0311A8A505200FDEDA0 /* Main.storyboard */,
				AACCC0341A8A505200FDEDA0 /* Images.xcassets */,
				AACCC0361A8A505200FDEDA0 /* LaunchScreen.xib */,
				AACCC0271A8A505100FDEDA0 /* Supporting Files */,
			);
			path = Matchismo;
			sourceTree = "<group>";
		};
		AACCC0271A8A505100FDEDA0 /* Supporting Files */ = {
			isa = PBXGroup;
			children = (
				AACCC0281A8A505200FDEDA0 /* Info.plist */,
				AACCC0291A8A505200FDEDA0 /* main.m */,
			);
			name = "Supporting Files";
			sourceTree = "<group>";
		};
		AACCC0401A8A505200FDEDA0 /* MatchismoTests */ = {
			isa = PBXGroup;
			children = (
				AACCC0431A8A505200FDEDA0 /* MatchismoTests.m */,
				AACCC0411A8A505200FDEDA0 /* Supporting Files */,
			);
			path = MatchismoTests;
			sourceTree = "<group>";
		};
		AACCC0411A8A505200FDEDA0 /* Supporting Files */ = {
			isa = PBXGroup;
			children = (
				AACCC0421A8A505200FDEDA0 /* Info.plist */,
			);
			name = "Supporting Files";
			sourceTree = "<group>";
		};
/* End PBXGroup section */

/* Begin PBXNativeTarget section */
		AACCC0231A8A505100FDEDA0 /* Matchismo */ = {
			isa = PBXNativeTarget;
			buildConfigurationList = AACCC0471A8A505200FDEDA0 /* Build configuration list for PBXNativeTarget "Matchismo" */;
			buildPhases = (
				AACCC0201A8A505100FDEDA0 /* Sources */,
				AACCC0211A8A505100FDEDA0 /* Frameworks */,
				AACCC0221A8A505100FDEDA0 /* Resources */,
			);
			buildRules = (
			);
			dependencies = (
			);
			name = Matchismo;
			productName = Matchismo;
			productReference = AACCC0241A8A505100FDEDA0 /* Matchismo.app */;
			productType = "com.apple.product-type.application";
		};
		AACCC03C1A8A505200FDEDA0 /* MatchismoTests */ = {
			isa = PBXNativeTarget;
			buildConfigurationList = AACCC04A1A8A505200FDEDA0 /* Build configuration list for PBXNativeTarget "MatchismoTests" */;
			buildPhases = (
				AACCC0391A8A505200FDEDA0 /* Sources */,
				AACCC03A1A8A505200FDEDA0 /* Frameworks */,
				AACCC03B1A8A505200FDEDA0 /* Resources */,
			);
			buildRules = (
			);
			dependencies = (
				AACCC03F1A8A505200FDEDA0 /* PBXTargetDependency */,
			);
			name = MatchismoTests;
			productName = MatchismoTests;
			productReference = AACCC03D1A8A505200FDEDA0 /* MatchismoTests.xctest */;
			productType = "com.apple.product-type.bundle.unit-test";
		};
/* End PBXNativeTarget section */

/* Begin PBXProject section */
		AACCC01C1A8A505100FDEDA0 /* Project object */ = {
			isa = PBXProject;
			attributes = {
				LastUpgradeCheck = 0610;
				ORGANIZATIONNAME = LiYuanhao;
				TargetAttributes = {
					AACCC0231A8A505100FDEDA0 = {
						CreatedOnToolsVersion = 6.1.1;
					};
					AACCC03C1A8A505200FDEDA0 = {
						CreatedOnToolsVersion = 6.1.1;
						TestTargetID = AACCC0231A8A505100FDEDA0;
					};
				};
			};
			buildConfigurationList = AACCC01F1A8A505100FDEDA0 /* Build configuration list for PBXProject "Matchismo" */;
			compatibilityVersion = "Xcode 3.2";
			developmentRegion = English;
			hasScannedForEncodings = 0;
			knownRegions = (
				en,
				Base,
			);
			mainGroup = AACCC01B1A8A505100FDEDA0;
			productRefGroup = AACCC0251A8A505100FDEDA0 /* Products */;
			projectDirPath = "";
			projectRoot = "";
			targets = (
				AACCC0231A8A505100FDEDA0 /* Matchismo */,
				AACCC03C1A8A505200FDEDA0 /* MatchismoTests */,
			);
		};
/* End PBXProject section */

/* Begin PBXResourcesBuildPhase section */
		AACCC0221A8A505100FDEDA0 /* Resources */ = {
			isa = PBXResourcesBuildPhase;
			buildActionMask = 2147483647;
			files = (
				AACCC0331A8A505200FDEDA0 /* Main.storyboard in Resources */,
				AACCC0381A8A505200FDEDA0 /* LaunchScreen.xib in Resources */,
				AACCC0351A8A505200FDEDA0 /* Images.xcassets in Resources */,
			);
			runOnlyForDeploymentPostprocessing = 0;
		};
		AACCC03B1A8A505200FDEDA0 /* Resources */ = {
			isa = PBXResourcesBuildPhase;
			buildActionMask = 2147483647;
			files = (
			);
			runOnlyForDeploymentPostprocessing = 0;
		};
/* End PBXResourcesBuildPhase section */

/* Begin PBXSourcesBuildPhase section */
		AACCC0201A8A505100FDEDA0 /* Sources */ = {
			isa = PBXSourcesBuildPhase;
			buildActionMask = 2147483647;
			files = (
				AACCC0301A8A505200FDEDA0 /* ViewController.m in Sources */,
				AACCC02D1A8A505200FDEDA0 /* AppDelegate.m in Sources */,
				AACCC02A1A8A505200FDEDA0 /* main.m in Sources */,
			);
			runOnlyForDeploymentPostprocessing = 0;
		};
		AACCC0391A8A505200FDEDA0 /* Sources */ = {
			isa = PBXSourcesBuildPhase;
			buildActionMask = 2147483647;
			files = (
				AACCC0441A8A505200FDEDA0 /* MatchismoTests.m in Sources */,
			);
			runOnlyForDeploymentPostprocessing = 0;
		};
/* End PBXSourcesBuildPhase section */

/* Begin PBXTargetDependency section */
		AACCC03F1A8A505200FDEDA0 /* PBXTargetDependency */ = {
			isa = PBXTargetDependency;
			target = AACCC0231A8A505100FDEDA0 /* Matchismo */;
			targetProxy = AACCC03E1A8A505200FDEDA0 /* PBXContainerItemProxy */;
		};
/* End PBXTargetDependency section */

/* Begin PBXVariantGroup section */
		AACCC0311A8A505200FDEDA0 /* Main.storyboard */ = {
			isa = PBXVariantGroup;
			children = (
				AACCC0321A8A505200FDEDA0 /* Base */,
			);
			name = Main.storyboard;
			sourceTree = "<group>";
		};
		AACCC0361A8A505200FDEDA0 /* LaunchScreen.xib */ = {
			isa = PBXVariantGroup;
			children = (
				AACCC0371A8A505200FDEDA0 /* Base */,
			);
			name = LaunchScreen.xib;
			sourceTree = "<group>";
		};
/* End PBXVariantGroup section */

/* Begin XCBuildConfiguration section */
		AACCC0451A8A505200FDEDA0 /* Debug */ = {
			isa = XCBuildConfiguration;
			buildSettings = {
				ALWAYS_SEARCH_USER_PATHS = NO;
				CLANG_CXX_LANGUAGE_STANDARD = "gnu++0x";
				CLANG_CXX_LIBRARY = "libc++";
				CLANG_ENABLE_MODULES = YES;
				CLANG_ENABLE_OBJC_ARC = YES;
				CLANG_WARN_BOOL_CONVERSION = YES;
				CLANG_WARN_CONSTANT_CONVERSION = YES;
				CLANG_WARN_DIRECT_OBJC_ISA_USAGE = YES_ERROR;
				CLANG_WARN_EMPTY_BODY = YES;
				CLANG_WARN_ENUM_CONVERSION = YES;
				CLANG_WARN_INT_CONVERSION = YES;
				CLANG_WARN_OBJC_ROOT_CLASS = YES_ERROR;
				CLANG_WARN_UNREACHABLE_CODE = YES;
				CLANG_WARN__DUPLICATE_METHOD_MATCH = YES;
				"CODE_SIGN_IDENTITY[sdk=iphoneos*]" = "iPhone Developer";
				COPY_PHASE_STRIP = NO;
				ENABLE_STRICT_OBJC_MSGSEND = YES;
				GCC_C_LANGUAGE_STANDARD = gnu99;
				GCC_DYNAMIC_NO_PIC = NO;
				GCC_OPTIMIZATION_LEVEL = 0;
				GCC_PREPROCESSOR_DEFINITIONS = (
					"DEBUG=1",
					"$(inherited)",
				);
				GCC_SYMBOLS_PRIVATE_EXTERN = NO;
				GCC_WARN_64_TO_32_BIT_CONVERSION = YES;
				GCC_WARN_ABOUT_RETURN_TYPE = YES_ERROR;
				GCC_WARN_UNDECLARED_SELECTOR = YES;
				GCC_WARN_UNINITIALIZED_AUTOS = YES_AGGRESSIVE;
				GCC_WARN_UNUSED_FUNCTION = YES;
				GCC_WARN_UNUSED_VARIABLE = YES;
				IPHONEOS_DEPLOYMENT_TARGET = 8.1;
				MTL_ENABLE_DEBUG_INFO = YES;
				ONLY_ACTIVE_ARCH = YES;
				SDKROOT = iphoneos;
			};
			name = Debug;
		};
		AACCC0461A8A505200FDEDA0 /* Release */ = {
			isa = XCBuildConfiguration;
			buildSettings = {
				ALWAYS_SEARCH_USER_PATHS = NO;
				CLANG_CXX_LANGUAGE_STANDARD = "gnu++0x";
				CLANG_CXX_LIBRARY = "libc++";
				CLANG_ENABLE_MODULES = YES;
				CLANG_ENABLE_OBJC_ARC = YES;
				CLANG_WARN_BOOL_CONVERSION = YES;
				CLANG_WARN_CONSTANT_CONVERSION = YES;
				CLANG_WARN_DIRECT_OBJC_ISA_USAGE = YES_ERROR;
				CLANG_WARN_EMPTY_BODY = YES;
				CLANG_WARN_ENUM_CONVERSION = YES;
				CLANG_WARN_INT_CONVERSION = YES;
				CLANG_WARN_OBJC_ROOT_CLASS = YES_ERROR;
				CLANG_WARN_UNREACHABLE_CODE = YES;
				CLANG_WARN__DUPLICATE_METHOD_MATCH = YES;
				"CODE_SIGN_IDENTITY[sdk=iphoneos*]" = "iPhone Developer";
				COPY_PHASE_STRIP = YES;
				ENABLE_NS_ASSERTIONS = NO;
				ENABLE_STRICT_OBJC_MSGSEND = YES;
				GCC_C_LANGUAGE_STANDARD = gnu99;
				GCC_WARN_64_TO_32_BIT_CONVERSION = YES;
				GCC_WARN_ABOUT_RETURN_TYPE = YES_ERROR;
				GCC_WARN_UNDECLARED_SELECTOR = YES;
				GCC_WARN_UNINITIALIZED_AUTOS = YES_AGGRESSIVE;
				GCC_WARN_UNUSED_FUNCTION = YES;
				GCC_WARN_UNUSED_VARIABLE = YES;
				IPHONEOS_DEPLOYMENT_TARGET = 8.1;
				MTL_ENABLE_DEBUG_INFO = NO;
				SDKROOT = iphoneos;
				VALIDATE_PRODUCT = YES;
			};
			name = Release;
		};
		AACCC0481A8A505200FDEDA0 /* Debug */ = {
			isa = XCBuildConfiguration;
			buildSettings = {
				ASSETCATALOG_COMPILER_APPICON_NAME = AppIcon;
				INFOPLIST_FILE = Matchismo/Info.plist;
				LD_RUNPATH_SEARCH_PATHS = "$(inherited) @executable_path/Frameworks";
				PRODUCT_NAME = "$(TARGET_NAME)";
			};
			name = Debug;
		};
		AACCC0491A8A505200FDEDA0 /* Release */ = {
			isa = XCBuildConfiguration;
			buildSettings = {
				ASSETCATALOG_COMPILER_APPICON_NAME = AppIcon;
				INFOPLIST_FILE = Matchismo/Info.plist;
				LD_RUNPATH_SEARCH_PATHS = "$(inherited) @executable_path/Frameworks";
				PRODUCT_NAME = "$(TARGET_NAME)";
			};
			name = Release;
		};
		AACCC04B1A8A505200FDEDA0 /* Debug */ = {
			isa = XCBuildConfiguration;
			buildSettings = {
				BUNDLE_LOADER = "$(TEST_HOST)";
				FRAMEWORK_SEARCH_PATHS = (
					"$(SDKROOT)/Developer/Library/Frameworks",
					"$(inherited)",
				);
				GCC_PREPROCESSOR_DEFINITIONS = (
					"DEBUG=1",
					"$(inherited)",
				);
				INFOPLIST_FILE = MatchismoTests/Info.plist;
				LD_RUNPATH_SEARCH_PATHS = "$(inherited) @executable_path/Frameworks @loader_path/Frameworks";
				PRODUCT_NAME = "$(TARGET_NAME)";
				TEST_HOST = "$(BUILT_PRODUCTS_DIR)/Matchismo.app/Matchismo";
			};
			name = Debug;
		};
		AACCC04C1A8A505200FDEDA0 /* Release */ = {
			isa = XCBuildConfiguration;
			buildSettings = {
				BUNDLE_LOADER = "$(TEST_HOST)";
				FRAMEWORK_SEARCH_PATHS = (
					"$(SDKROOT)/Developer/Library/Frameworks",
					"$(inherited)",
				);
				INFOPLIST_FILE = MatchismoTests/Info.plist;
				LD_RUNPATH_SEARCH_PATHS = "$(inherited) @executable_path/Frameworks @loader_path/Frameworks";
				PRODUCT_NAME = "$(TARGET_NAME)";
				TEST_HOST = "$(BUILT_PRODUCTS_DIR)/Matchismo.app/Matchismo";
			};
			name = Release;
		};
/* End XCBuildConfiguration section */

/* Begin XCConfigurationList section */
		AACCC01F1A8A505100FDEDA0 /* Build configuration list for PBXProject "Matchismo" */ = {
			isa = XCConfigurationList;
			buildConfigurations = (
				AACCC0451A8A505200FDEDA0 /* Debug */,
				AACCC0461A8A505200FDEDA0 /* Release */,
			);
			defaultConfigurationIsVisible = 0;
			defaultConfigurationName = Release;
		};
		AACCC0471A8A505200FDEDA0 /* Build configuration list for PBXNativeTarget "Matchismo" */ = {
			isa = XCConfigurationList;
			buildConfigurations = (
				AACCC0481A8A505200FDEDA0 /* Debug */,
				AACCC0491A8A505200FDEDA0 /* Release */,
			);
			defaultConfigurationIsVisible = 0;
		};
		AACCC04A1A8A505200FDEDA0 /* Build configuration list for PBXNativeTarget "MatchismoTests" */ = {
			isa = XCConfigurationList;
			buildConfigurations = (
				AACCC04B1A8A505200FDEDA0 /* Debug */,
				AACCC04C1A8A505200FDEDA0 /* Release */,
			);
			defaultConfigurationIsVisible = 0;
		};
/* End XCConfigurationList section */
	};
	rootObject = AACCC01C1A8A505100FDEDA0 /* Project object */;
}
